
Microsoft Visual Studio Solution File, Format Version 12.00
# Visual Studio Version 17
VisualStudioVersion = 17.5.002.0
MinimumVisualStudioVersion = 10.0.40219.1
Project("{9A19103F-16F7-4668-BE54-9A1E7A4F7556}") = "PropriedadesNaPratica", "PropriedadesNaPratica.csproj", "{E113E2C5-C0E6-4B6C-9377-9A79E6F47D68}"
EndProject
Global
	GlobalSection(SolutionConfigurationPlatforms) = preSolution
		Debug|Any CPU = Debug|Any CPU
		Release|Any CPU = Release|Any CPU
	EndGlobalSection
	GlobalSection(ProjectConfigurationPlatforms) = postSolution
		{E113E2C5-C0E6-4B6C-9377-9A79E6F47D68}.Debug|Any CPU.ActiveCfg = Debug|Any CPU
		{E113E2C5-C0E6-4B6C-9377-9A79E6F47D68}.Debug|Any CPU.Build.0 = Debug|Any CPU
		{E113E2C5-C0E6-4B6C-9377-9A79E6F47D68}.Release|Any CPU.ActiveCfg = Release|Any CPU
		{E113E2C5-C0E6-4B6C-9377-9A79E6F47D68}.Release|Any CPU.Build.0 = Release|Any CPU
	EndGlobalSection
	GlobalSection(SolutionProperties) = preSolution
		HideSolutionNode = FALSE
	EndGlobalSection
	GlobalSection(ExtensibilityGlobals) = postSolution
		SolutionGuid = {0672BB29-D212-4013-86B2-B1A6E481561D}
	EndGlobalSection
EndGlobal
