
Microsoft Visual Studio Solution File, Format Version 12.00
# Visual Studio Version 17
VisualStudioVersion = 17.5.002.0
MinimumVisualStudioVersion = 10.0.40219.1
Project("{9A19103F-16F7-4668-BE54-9A1E7A4F7556}") = "PropriedadesNaPratica", "PropriedadesNaPratica.csproj", "{090E8269-D49D-46FA-A074-9E2179F5C3D3}"
EndProject
Global
	GlobalSection(SolutionConfigurationPlatforms) = preSolution
		Debug|Any CPU = Debug|Any CPU
		Release|Any CPU = Release|Any CPU
	EndGlobalSection
	GlobalSection(ProjectConfigurationPlatforms) = postSolution
		{090E8269-D49D-46FA-A074-9E2179F5C3D3}.Debug|Any CPU.ActiveCfg = Debug|Any CPU
		{090E8269-D49D-46FA-A074-9E2179F5C3D3}.Debug|Any CPU.Build.0 = Debug|Any CPU
		{090E8269-D49D-46FA-A074-9E2179F5C3D3}.Release|Any CPU.ActiveCfg = Release|Any CPU
		{090E8269-D49D-46FA-A074-9E2179F5C3D3}.Release|Any CPU.Build.0 = Release|Any CPU
	EndGlobalSection
	GlobalSection(SolutionProperties) = preSolution
		HideSolutionNode = FALSE
	EndGlobalSection
	GlobalSection(ExtensibilityGlobals) = postSolution
		SolutionGuid = {0672BB29-D212-4013-86B2-B1A6E481561D}
	EndGlobalSection
EndGlobal
